// !$*UTF8*$!
{
	archiveVersion = 1;
	classes = {
	};
	objectVersion = 77;
	objects = {

/* Begin PBXContainerItemProxy section */
		F97914CF2E87A828007079BF /* PBXContainerItemProxy */ = {
			isa = PBXContainerItemProxy;
			containerPortal = F97914B92E87A826007079BF /* Project object */;
			proxyType = 1;
			remoteGlobalIDString = F97914C02E87A826007079BF;
			remoteInfo = StudyTimerAndVideo;
		};
		F97914D92E87A828007079BF /* PBXContainerItemProxy */ = {
			isa = PBXContainerItemProxy;
			containerPortal = F97914B92E87A826007079BF /* Project object */;
			proxyType = 1;
			remoteGlobalIDString = F97914C02E87A826007079BF;
			remoteInfo = StudyTimerAndVideo;
		};
/* End PBXContainerItemProxy section */

/* Begin PBXFileReference section */
		F97914C12E87A826007079BF /* StudyTimerAndVideo.app */ = {isa = PBXFileReference; explicitFileType = wrapper.application; includeInIndex = 0; path = StudyTimerAndVideo.app; sourceTree = BUILT_PRODUCTS_DIR; };
		F97914CE2E87A828007079BF /* StudyTimerAndVideoTests.xctest */ = {isa = PBXFileReference; explicitFileType = wrapper.cfbundle; includeInIndex = 0; path = StudyTimerAndVideoTests.xctest; sourceTree = BUILT_PRODUCTS_DIR; };
		F97914D82E87A828007079BF /* StudyTimerAndVideoUITests.xctest */ = {isa = PBXFileReference; explicitFileType = wrapper.cfbundle; includeInIndex = 0; path = StudyTimerAndVideoUITests.xctest; sourceTree = BUILT_PRODUCTS_DIR; };
/* End PBXFileReference section */

/* Begin PBXFileSystemSynchronizedBuildFileExceptionSet section */
		F97914EC2E87C74A007079BF /* Exceptions for "StudyTimerAndVideo" folder in "StudyTimerAndVideo" target */ = {
			isa = PBXFileSystemSynchronizedBuildFileExceptionSet;
			membershipExceptions = (
				Info.plist,
			);
			target = F97914C02E87A826007079BF /* StudyTimerAndVideo */;
		};
/* End PBXFileSystemSynchronizedBuildFileExceptionSet section */

/* Begin PBXFileSystemSynchronizedRootGroup section */
		F97914C32E87A826007079BF /* StudyTimerAndVideo */ = {
			isa = PBXFileSystemSynchronizedRootGroup;
			exceptions = (
				F97914EC2E87C74A007079BF /* Exceptions for "StudyTimerAndVideo" folder in "StudyTimerAndVideo" target */,
			);
			path = StudyTimerAndVideo;
			sourceTree = "<group>";
		};
		F97914D12E87A828007079BF /* StudyTimerAndVideoTests */ = {
			isa = PBXFileSystemSynchronizedRootGroup;
			path = StudyTimerAndVideoTests;
			sourceTree = "<group>";
		};
		F97914DB2E87A828007079BF /* StudyTimerAndVideoUITests */ = {
			isa = PBXFileSystemSynchronizedRootGroup;
			path = StudyTimerAndVideoUITests;
			sourceTree = "<group>";
		};
/* End PBXFileSystemSynchronizedRootGroup section */

/* Begin PBXFrameworksBuildPhase section */
		F97914BE2E87A826007079BF /* Frameworks */ = {
			isa = PBXFrameworksBuildPhase;
			buildActionMask = 2147483647;
			files = (
			);
			runOnlyForDeploymentPostprocessing = 0;
		};
		F97914CB2E87A828007079BF /* Frameworks */ = {
			isa = PBXFrameworksBuildPhase;
			buildActionMask = 2147483647;
			files = (
			);
			runOnlyForDeploymentPostprocessing = 0;
		};
		F97914D52E87A828007079BF /* Frameworks */ = {
			isa = PBXFrameworksBuildPhase;
			buildActionMask = 2147483647;
			files = (
			);
			runOnlyForDeploymentPostprocessing = 0;
		};
/* End PBXFrameworksBuildPhase section */

/* Begin PBXGroup section */
		F97914B82E87A826007079BF = {
			isa = PBXGroup;
			children = (
				F97914C32E87A826007079BF /* StudyTimerAndVideo */,
				F97914D12E87A828007079BF /* StudyTimerAndVideoTests */,
				F97914DB2E87A828007079BF /* StudyTimerAndVideoUITests */,
				F97914C22E87A826007079BF /* Products */,
			);
			sourceTree = "<group>";
		};
		F97914C22E87A826007079BF /* Products */ = {
			isa = PBXGroup;
			children = (
				F97914C12E87A826007079BF /* StudyTimerAndVideo.app */,
				F97914CE2E87A828007079BF /* StudyTimerAndVideoTests.xctest */,
				F97914D82E87A828007079BF /* StudyTimerAndVideoUITests.xctest */,
			);
			name = Products;
			sourceTree = "<group>";
		};
/* End PBXGroup section */

/* Begin PBXNativeTarget section */
		F97914C02E87A826007079BF /* StudyTimerAndVideo */ = {
			isa = PBXNativeTarget;
			buildConfigurationList = F97914E22E87A828007079BF /* Build configuration list for PBXNativeTarget "StudyTimerAndVideo" */;
			buildPhases = (
				F97914BD2E87A826007079BF /* Sources */,
				F97914BE2E87A826007079BF /* Frameworks */,
				F97914BF2E87A826007079BF /* Resources */,
			);
			buildRules = (
			);
			dependencies = (
			);
			fileSystemSynchronizedGroups = (
				F97914C32E87A826007079BF /* StudyTimerAndVideo */,
			);
			name = StudyTimerAndVideo;
			packageProductDependencies = (
			);
			productName = StudyTimerAndVideo;
			productReference = F97914C12E87A826007079BF /* StudyTimerAndVideo.app */;
			productType = "com.apple.product-type.application";
		};
		F97914CD2E87A828007079BF /* StudyTimerAndVideoTests */ = {
			isa = PBXNativeTarget;
			buildConfigurationList = F97914E52E87A828007079BF /* Build configuration list for PBXNativeTarget "StudyTimerAndVideoTests" */;
			buildPhases = (
				F97914CA2E87A828007079BF /* Sources */,
				F97914CB2E87A828007079BF /* Frameworks */,
				F97914CC2E87A828007079BF /* Resources */,
			);
			buildRules = (
			);
			dependencies = (
				F97914D02E87A828007079BF /* PBXTargetDependency */,
			);
			fileSystemSynchronizedGroups = (
				F97914D12E87A828007079BF /* StudyTimerAndVideoTests */,
			);
			name = StudyTimerAndVideoTests;
			packageProductDependencies = (
			);
			productName = StudyTimerAndVideoTests;
			productReference = F97914CE2E87A828007079BF /* StudyTimerAndVideoTests.xctest */;
			productType = "com.apple.product-type.bundle.unit-test";
		};
		F97914D72E87A828007079BF /* StudyTimerAndVideoUITests */ = {
			isa = PBXNativeTarget;
			buildConfigurationList = F97914E82E87A828007079BF /* Build configuration list for PBXNativeTarget "StudyTimerAndVideoUITests" */;
			buildPhases = (
				F97914D42E87A828007079BF /* Sources */,
				F97914D52E87A828007079BF /* Frameworks */,
				F97914D62E87A828007079BF /* Resources */,
			);
			buildRules = (
			);
			dependencies = (
				F97914DA2E87A828007079BF /* PBXTargetDependency */,
			);
			fileSystemSynchronizedGroups = (
				F97914DB2E87A828007079BF /* StudyTimerAndVideoUITests */,
			);
			name = StudyTimerAndVideoUITests;
			packageProductDependencies = (
			);
			productName = StudyTimerAndVideoUITests;
			productReference = F97914D82E87A828007079BF /* StudyTimerAndVideoUITests.xctest */;
			productType = "com.apple.product-type.bundle.ui-testing";
		};
/* End PBXNativeTarget section */

/* Begin PBXProject section */
		F97914B92E87A826007079BF /* Project object */ = {
			isa = PBXProject;
			attributes = {
				BuildIndependentTargetsInParallel = 1;
				LastSwiftUpdateCheck = 1640;
				LastUpgradeCheck = 1640;
				TargetAttributes = {
					F97914C02E87A826007079BF = {
						CreatedOnToolsVersion = 16.4;
					};
					F97914CD2E87A828007079BF = {
						CreatedOnToolsVersion = 16.4;
						TestTargetID = F97914C02E87A826007079BF;
					};
					F97914D72E87A828007079BF = {
						CreatedOnToolsVersion = 16.4;
						TestTargetID = F97914C02E87A826007079BF;
					};
				};
			};
			buildConfigurationList = F97914BC2E87A826007079BF /* Build configuration list for PBXProject "StudyTimerAndVideo" */;
			developmentRegion = en;
			hasScannedForEncodings = 0;
			knownRegions = (
				en,
				Base,
			);
			mainGroup = F97914B82E87A826007079BF;
			minimizedProjectReferenceProxies = 1;
			preferredProjectObjectVersion = 77;
			productRefGroup = F97914C22E87A826007079BF /* Products */;
			projectDirPath = "";
			projectRoot = "";
			targets = (
				F97914C02E87A826007079BF /* StudyTimerAndVideo */,
				F97914CD2E87A828007079BF /* StudyTimerAndVideoTests */,
				F97914D72E87A828007079BF /* StudyTimerAndVideoUITests */,
			);
		};
/* End PBXProject section */

/* Begin PBXResourcesBuildPhase section */
		F97914BF2E87A826007079BF /* Resources */ = {
			isa = PBXResourcesBuildPhase;
			buildActionMask = 2147483647;
			files = (
			);
			runOnlyForDeploymentPostprocessing = 0;
		};
		F97914CC2E87A828007079BF /* Resources */ = {
			isa = PBXResourcesBuildPhase;
			buildActionMask = 2147483647;
			files = (
			);
			runOnlyForDeploymentPostprocessing = 0;
		};
		F97914D62E87A828007079BF /* Resources */ = {
			isa = PBXResourcesBuildPhase;
			buildActionMask = 2147483647;
			files = (
			);
			runOnlyForDeploymentPostprocessing = 0;
		};
/* End PBXResourcesBuildPhase section */

/* Begin PBXSourcesBuildPhase section */
		F97914BD2E87A826007079BF /* Sources */ = {
			isa = PBXSourcesBuildPhase;
			buildActionMask = 2147483647;
			files = (
			);
			runOnlyForDeploymentPostprocessing = 0;
		};
		F97914CA2E87A828007079BF /* Sources */ = {
			isa = PBXSourcesBuildPhase;
			buildActionMask = 2147483647;
			files = (
			);
			runOnlyForDeploymentPostprocessing = 0;
		};
		F97914D42E87A828007079BF /* Sources */ = {
			isa = PBXSourcesBuildPhase;
			buildActionMask = 2147483647;
			files = (
			);
			runOnlyForDeploymentPostprocessing = 0;
		};
/* End PBXSourcesBuildPhase section */

/* Begin PBXTargetDependency section */
		F97914D02E87A828007079BF /* PBXTargetDependency */ = {
			isa = PBXTargetDependency;
			target = F97914C02E87A826007079BF /* StudyTimerAndVideo */;
			targetProxy = F97914CF2E87A828007079BF /* PBXContainerItemProxy */;
		};
		F97914DA2E87A828007079BF /* PBXTargetDependency */ = {
			isa = PBXTargetDependency;
			target = F97914C02E87A826007079BF /* StudyTimerAndVideo */;
			targetProxy = F97914D92E87A828007079BF /* PBXContainerItemProxy */;
		};
/* End PBXTargetDependency section */

/* Begin XCBuildConfiguration section */
		F97914E02E87A828007079BF /* Debug */ = {
			isa = XCBuildConfiguration;
			buildSettings = {
				ALWAYS_SEARCH_USER_PATHS = NO;
				ASSETCATALOG_COMPILER_GENERATE_SWIFT_ASSET_SYMBOL_EXTENSIONS = YES;
				CLANG_ANALYZER_NONNULL = YES;
				CLANG_ANALYZER_NUMBER_OBJECT_CONVERSION = YES_AGGRESSIVE;
				CLANG_CXX_LANGUAGE_STANDARD = "gnu++20";
				CLANG_ENABLE_MODULES = YES;
				CLANG_ENABLE_OBJC_ARC = YES;
				CLANG_ENABLE_OBJC_WEAK = YES;
				CLANG_WARN_BLOCK_CAPTURE_AUTORELEASING = YES;
				CLANG_WARN_BOOL_CONVERSION = YES;
				CLANG_WARN_COMMA = YES;
				CLANG_WARN_CONSTANT_CONVERSION = YES;
				CLANG_WARN_DEPRECATED_OBJC_IMPLEMENTATIONS = YES;
				CLANG_WARN_DIRECT_OBJC_ISA_USAGE = YES_ERROR;
				CLANG_WARN_DOCUMENTATION_COMMENTS = YES;
				CLANG_WARN_EMPTY_BODY = YES;
				CLANG_WARN_ENUM_CONVERSION = YES;
				CLANG_WARN_INFINITE_RECURSION = YES;
				CLANG_WARN_INT_CONVERSION = YES;
				CLANG_WARN_NON_LITERAL_NULL_CONVERSION = YES;
				CLANG_WARN_OBJC_IMPLICIT_RETAIN_SELF = YES;
				CLANG_WARN_OBJC_LITERAL_CONVERSION = YES;
				CLANG_WARN_OBJC_ROOT_CLASS = YES_ERROR;
				CLANG_WARN_QUOTED_INCLUDE_IN_FRAMEWORK_HEADER = YES;
				CLANG_WARN_RANGE_LOOP_ANALYSIS = YES;
				CLANG_WARN_STRICT_PROTOTYPES = YES;
				CLANG_WARN_SUSPICIOUS_MOVE = YES;
				CLANG_WARN_UNGUARDED_AVAILABILITY = YES_AGGRESSIVE;
				CLANG_WARN_UNREACHABLE_CODE = YES;
				CLANG_WARN__DUPLICATE_METHOD_MATCH = YES;
				COPY_PHASE_STRIP = NO;
				DEBUG_INFORMATION_FORMAT = dwarf;
				ENABLE_STRICT_OBJC_MSGSEND = YES;
				ENABLE_TESTABILITY = YES;
				ENABLE_USER_SCRIPT_SANDBOXING = YES;
				GCC_C_LANGUAGE_STANDARD = gnu17;
				GCC_DYNAMIC_NO_PIC = NO;
				GCC_NO_COMMON_BLOCKS = YES;
				GCC_OPTIMIZATION_LEVEL = 0;
				GCC_PREPROCESSOR_DEFINITIONS = (
					"DEBUG=1",
					"$(inherited)",
				);
				GCC_WARN_64_TO_32_BIT_CONVERSION = YES;
				GCC_WARN_ABOUT_RETURN_TYPE = YES_ERROR;
				GCC_WARN_UNDECLARED_SELECTOR = YES;
				GCC_WARN_UNINITIALIZED_AUTOS = YES_AGGRESSIVE;
				GCC_WARN_UNUSED_FUNCTION = YES;
				GCC_WARN_UNUSED_VARIABLE = YES;
				IPHONEOS_DEPLOYMENT_TARGET = 18.5;
				LOCALIZATION_PREFERS_STRING_CATALOGS = YES;
				MTL_ENABLE_DEBUG_INFO = INCLUDE_SOURCE;
				MTL_FAST_MATH = YES;
				ONLY_ACTIVE_ARCH = YES;
				SDKROOT = iphoneos;
				SWIFT_ACTIVE_COMPILATION_CONDITIONS = "DEBUG $(inherited)";
				SWIFT_OPTIMIZATION_LEVEL = "-Onone";
			};
			name = Debug;
		};
		F97914E12E87A828007079BF /* Release */ = {
			isa = XCBuildConfiguration;
			buildSettings = {
				ALWAYS_SEARCH_USER_PATHS = NO;
				ASSETCATALOG_COMPILER_GENERATE_SWIFT_ASSET_SYMBOL_EXTENSIONS = YES;
				CLANG_ANALYZER_NONNULL = YES;
				CLANG_ANALYZER_NUMBER_OBJECT_CONVERSION = YES_AGGRESSIVE;
				CLANG_CXX_LANGUAGE_STANDARD = "gnu++20";
				CLANG_ENABLE_MODULES = YES;
				CLANG_ENABLE_OBJC_ARC = YES;
				CLANG_ENABLE_OBJC_WEAK = YES;
				CLANG_WARN_BLOCK_CAPTURE_AUTORELEASING = YES;
				CLANG_WARN_BOOL_CONVERSION = YES;
				CLANG_WARN_COMMA = YES;
				CLANG_WARN_CONSTANT_CONVERSION = YES;
				CLANG_WARN_DEPRECATED_OBJC_IMPLEMENTATIONS = YES;
				CLANG_WARN_DIRECT_OBJC_ISA_USAGE = YES_ERROR;
				CLANG_WARN_DOCUMENTATION_COMMENTS = YES;
				CLANG_WARN_EMPTY_BODY = YES;
				CLANG_WARN_ENUM_CONVERSION = YES;
				CLANG_WARN_INFINITE_RECURSION = YES;
				CLANG_WARN_INT_CONVERSION = YES;
				CLANG_WARN_NON_LITERAL_NULL_CONVERSION = YES;
				CLANG_WARN_OBJC_IMPLICIT_RETAIN_SELF = YES;
				CLANG_WARN_OBJC_LITERAL_CONVERSION = YES;
				CLANG_WARN_OBJC_ROOT_CLASS = YES_ERROR;
				CLANG_WARN_QUOTED_INCLUDE_IN_FRAMEWORK_HEADER = YES;
				CLANG_WARN_RANGE_LOOP_ANALYSIS = YES;
				CLANG_WARN_STRICT_PROTOTYPES = YES;
				CLANG_WARN_SUSPICIOUS_MOVE = YES;
				CLANG_WARN_UNGUARDED_AVAILABILITY = YES_AGGRESSIVE;
				CLANG_WARN_UNREACHABLE_CODE = YES;
				CLANG_WARN__DUPLICATE_METHOD_MATCH = YES;
				COPY_PHASE_STRIP = NO;
				DEBUG_INFORMATION_FORMAT = "dwarf-with-dsym";
				ENABLE_NS_ASSERTIONS = NO;
				ENABLE_STRICT_OBJC_MSGSEND = YES;
				ENABLE_USER_SCRIPT_SANDBOXING = YES;
				GCC_C_LANGUAGE_STANDARD = gnu17;
				GCC_NO_COMMON_BLOCKS = YES;
				GCC_WARN_64_TO_32_BIT_CONVERSION = YES;
				GCC_WARN_ABOUT_RETURN_TYPE = YES_ERROR;
				GCC_WARN_UNDECLARED_SELECTOR = YES;
				GCC_WARN_UNINITIALIZED_AUTOS = YES_AGGRESSIVE;
				GCC_WARN_UNUSED_FUNCTION = YES;
				GCC_WARN_UNUSED_VARIABLE = YES;
				IPHONEOS_DEPLOYMENT_TARGET = 18.5;
				LOCALIZATION_PREFERS_STRING_CATALOGS = YES;
				MTL_ENABLE_DEBUG_INFO = NO;
				MTL_FAST_MATH = YES;
				SDKROOT = iphoneos;
				SWIFT_COMPILATION_MODE = wholemodule;
				VALIDATE_PRODUCT = YES;
			};
			name = Release;
		};
		F97914E32E87A828007079BF /* Debug */ = {
			isa = XCBuildConfiguration;
			buildSettings = {
				ASSETCATALOG_COMPILER_APPICON_NAME = AppIcon;
				ASSETCATALOG_COMPILER_GLOBAL_ACCENT_COLOR_NAME = AccentColor;
				CODE_SIGN_STYLE = Automatic;
				CURRENT_PROJECT_VERSION = 1;
				DEVELOPMENT_TEAM = X97ZJZ42VZ;
				ENABLE_PREVIEWS = YES;
				GENERATE_INFOPLIST_FILE = YES;
				INFOPLIST_FILE = StudyTimerAndVideo/Info.plist;
				INFOPLIST_KEY_NSCameraUsageDescription = "";
				INFOPLIST_KEY_NSMicrophoneUsageDescription = "";
				INFOPLIST_KEY_NSPhotoLibraryAddUsageDescription = "";
				INFOPLIST_KEY_UIApplicationSceneManifest_Generation = YES;
				INFOPLIST_KEY_UIApplicationSupportsIndirectInputEvents = YES;
				INFOPLIST_KEY_UILaunchScreen_Generation = YES;
				INFOPLIST_KEY_UISupportedInterfaceOrientations = "UIInterfaceOrientationLandscapeLeft UIInterfaceOrientationLandscapeRight";
				INFOPLIST_KEY_UISupportedInterfaceOrientations_iPad = "UIInterfaceOrientationLandscapeLeft UIInterfaceOrientationLandscapeRight UIInterfaceOrientationPortrait UIInterfaceOrientationPortraitUpsideDown";
				LD_RUNPATH_SEARCH_PATHS = (
					"$(inherited)",
					"@executable_path/Frameworks",
				);
				MARKETING_VERSION = 1.0;
				PRODUCT_BUNDLE_IDENTIFIER = com.ni.StudyTimerAndVideo;
				PRODUCT_NAME = "$(TARGET_NAME)";
				SWIFT_EMIT_LOC_STRINGS = YES;
				SWIFT_VERSION = 5.0;
				TARGETED_DEVICE_FAMILY = "1,2";
			};
			name = Debug;
		};
		F97914E42E87A828007079BF /* Release */ = {
			isa = XCBuildConfiguration;
			buildSettings = {
				ASSETCATALOG_COMPILER_APPICON_NAME = AppIcon;
				ASSETCATALOG_COMPILER_GLOBAL_ACCENT_COLOR_NAME = AccentColor;
				CODE_SIGN_STYLE = Automatic;
				CURRENT_PROJECT_VERSION = 1;
				DEVELOPMENT_TEAM = X97ZJZ42VZ;
				ENABLE_PREVIEWS = YES;
				GENERATE_INFOPLIST_FILE = YES;
				INFOPLIST_FILE = StudyTimerAndVideo/Info.plist;
				INFOPLIST_KEY_NSCameraUsageDescription = "";
				INFOPLIST_KEY_NSMicrophoneUsageDescription = "";
				INFOPLIST_KEY_NSPhotoLibraryAddUsageDescription = "";
				INFOPLIST_KEY_UIApplicationSceneManifest_Generation = YES;
				INFOPLIST_KEY_UIApplicationSupportsIndirectInputEvents = YES;
				INFOPLIST_KEY_UILaunchScreen_Generation = YES;
				INFOPLIST_KEY_UISupportedInterfaceOrientations = "UIInterfaceOrientationLandscapeLeft UIInterfaceOrientationLandscapeRight";
				INFOPLIST_KEY_UISupportedInterfaceOrientations_iPad = "UIInterfaceOrientationLandscapeLeft UIInterfaceOrientationLandscapeRight UIInterfaceOrientationPortrait UIInterfaceOrientationPortraitUpsideDown";
				LD_RUNPATH_SEARCH_PATHS = (
					"$(inherited)",
					"@executable_path/Frameworks",
				);
				MARKETING_VERSION = 1.0;
				PRODUCT_BUNDLE_IDENTIFIER = com.ni.StudyTimerAndVideo;
				PRODUCT_NAME = "$(TARGET_NAME)";
				SWIFT_EMIT_LOC_STRINGS = YES;
				SWIFT_VERSION = 5.0;
				TARGETED_DEVICE_FAMILY = "1,2";
			};
			name = Release;
		};
		F97914E62E87A828007079BF /* Debug */ = {
			isa = XCBuildConfiguration;
			buildSettings = {
				BUNDLE_LOADER = "$(TEST_HOST)";
				CODE_SIGN_STYLE = Automatic;
				CURRENT_PROJECT_VERSION = 1;
				GENERATE_INFOPLIST_FILE = YES;
				IPHONEOS_DEPLOYMENT_TARGET = 18.5;
				MARKETING_VERSION = 1.0;
				PRODUCT_BUNDLE_IDENTIFIER = ni.StudyTimerAndVideoTests;
				PRODUCT_NAME = "$(TARGET_NAME)";
				SWIFT_EMIT_LOC_STRINGS = NO;
				SWIFT_VERSION = 5.0;
				TARGETED_DEVICE_FAMILY = "1,2";
				TEST_HOST = "$(BUILT_PRODUCTS_DIR)/StudyTimerAndVideo.app/$(BUNDLE_EXECUTABLE_FOLDER_PATH)/StudyTimerAndVideo";
			};
			name = Debug;
		};
		F97914E72E87A828007079BF /* Release */ = {
			isa = XCBuildConfiguration;
			buildSettings = {
				BUNDLE_LOADER = "$(TEST_HOST)";
				CODE_SIGN_STYLE = Automatic;
				CURRENT_PROJECT_VERSION = 1;
				GENERATE_INFOPLIST_FILE = YES;
				IPHONEOS_DEPLOYMENT_TARGET = 18.5;
				MARKETING_VERSION = 1.0;
				PRODUCT_BUNDLE_IDENTIFIER = ni.StudyTimerAndVideoTests;
				PRODUCT_NAME = "$(TARGET_NAME)";
				SWIFT_EMIT_LOC_STRINGS = NO;
				SWIFT_VERSION = 5.0;
				TARGETED_DEVICE_FAMILY = "1,2";
				TEST_HOST = "$(BUILT_PRODUCTS_DIR)/StudyTimerAndVideo.app/$(BUNDLE_EXECUTABLE_FOLDER_PATH)/StudyTimerAndVideo";
			};
			name = Release;
		};
		F97914E92E87A828007079BF /* Debug */ = {
			isa = XCBuildConfiguration;
			buildSettings = {
				CODE_SIGN_STYLE = Automatic;
				CURRENT_PROJECT_VERSION = 1;
				GENERATE_INFOPLIST_FILE = YES;
				MARKETING_VERSION = 1.0;
				PRODUCT_BUNDLE_IDENTIFIER = ni.StudyTimerAndVideoUITests;
				PRODUCT_NAME = "$(TARGET_NAME)";
				SWIFT_EMIT_LOC_STRINGS = NO;
				SWIFT_VERSION = 5.0;
				TARGETED_DEVICE_FAMILY = "1,2";
				TEST_TARGET_NAME = StudyTimerAndVideo;
			};
			name = Debug;
		};
		F97914EA2E87A828007079BF /* Release */ = {
			isa = XCBuildConfiguration;
			buildSettings = {
				CODE_SIGN_STYLE = Automatic;
				CURRENT_PROJECT_VERSION = 1;
				GENERATE_INFOPLIST_FILE = YES;
				MARKETING_VERSION = 1.0;
				PRODUCT_BUNDLE_IDENTIFIER = ni.StudyTimerAndVideoUITests;
				PRODUCT_NAME = "$(TARGET_NAME)";
				SWIFT_EMIT_LOC_STRINGS = NO;
				SWIFT_VERSION = 5.0;
				TARGETED_DEVICE_FAMILY = "1,2";
				TEST_TARGET_NAME = StudyTimerAndVideo;
			};
			name = Release;
		};
/* End XCBuildConfiguration section */

/* Begin XCConfigurationList section */
		F97914BC2E87A826007079BF /* Build configuration list for PBXProject "StudyTimerAndVideo" */ = {
			isa = XCConfigurationList;
			buildConfigurations = (
				F97914E02E87A828007079BF /* Debug */,
				F97914E12E87A828007079BF /* Release */,
			);
			defaultConfigurationIsVisible = 0;
			defaultConfigurationName = Release;
		};
		F97914E22E87A828007079BF /* Build configuration list for PBXNativeTarget "StudyTimerAndVideo" */ = {
			isa = XCConfigurationList;
			buildConfigurations = (
				F97914E32E87A828007079BF /* Debug */,
				F97914E42E87A828007079BF /* Release */,
			);
			defaultConfigurationIsVisible = 0;
			defaultConfigurationName = Release;
		};
		F97914E52E87A828007079BF /* Build configuration list for PBXNativeTarget "StudyTimerAndVideoTests" */ = {
			isa = XCConfigurationList;
			buildConfigurations = (
				F97914E62E87A828007079BF /* Debug */,
				F97914E72E87A828007079BF /* Release */,
			);
			defaultConfigurationIsVisible = 0;
			defaultConfigurationName = Release;
		};
		F97914E82E87A828007079BF /* Build configuration list for PBXNativeTarget "StudyTimerAndVideoUITests" */ = {
			isa = XCConfigurationList;
			buildConfigurations = (
				F97914E92E87A828007079BF /* Debug */,
				F97914EA2E87A828007079BF /* Release */,
			);
			defaultConfigurationIsVisible = 0;
			defaultConfigurationName = Release;
		};
/* End XCConfigurationList section */
	};
	rootObject = F97914B92E87A826007079BF /* Project object */;
}
